
Microsoft Visual Studio Solution File, Format Version 12.00
# Visual Studio Version 17
VisualStudioVersion = 17.6.33829.357
MinimumVisualStudioVersion = 10.0.40219.1
Project("{FAE04EC0-301F-11D3-BF4B-00C04F79EFBC}") = "WaterCCP", "WaterCCP\WaterCCP.csproj", "{20A628C3-1B5B-4F58-B3EC-24ACD0C60819}"
EndProject
Global
	GlobalSection(SolutionConfigurationPlatforms) = preSolution
		Debug|Any CPU = Debug|Any CPU
		Release|Any CPU = Release|Any CPU
	EndGlobalSection
	GlobalSection(ProjectConfigurationPlatforms) = postSolution
		{20A628C3-1B5B-4F58-B3EC-24ACD0C60819}.Debug|Any CPU.ActiveCfg = Debug|Any CPU
		{20A628C3-1B5B-4F58-B3EC-24ACD0C60819}.Debug|Any CPU.Build.0 = Debug|Any CPU
		{20A628C3-1B5B-4F58-B3EC-24ACD0C60819}.Release|Any CPU.ActiveCfg = Release|Any CPU
		{20A628C3-1B5B-4F58-B3EC-24ACD0C60819}.Release|Any CPU.Build.0 = Release|Any CPU
	EndGlobalSection
	GlobalSection(SolutionProperties) = preSolution
		HideSolutionNode = FALSE
	EndGlobalSection
	GlobalSection(ExtensibilityGlobals) = postSolution
		SolutionGuid = {2BC1708A-B184-493F-9371-AD0D95B2B0A2}
	EndGlobalSection
EndGlobal
